{
  "name": "summative-big3-construction-management-dashboard-formative-1-group-3",
  "lockfileVersion": 3,
  "requires": true,
  "packages": {
    "": {
      "dependencies": {
        "i18next": "^25.6.3",
        "i18next-fs-backend": "^2.6.1",
        "i18next-http-middleware": "^3.8.2"
      }
    },
    "node_modules/@babel/runtime": {
      "version": "7.28.4",
      "resolved": "https://registry.npmjs.org/@babel/runtime/-/runtime-7.28.4.tgz",
      "integrity": "sha512-Q/N6JNWvIvPnLDvjlE1OUBLPQHH6l3CltCEsHIujp45zQUSSh8K+gHnaEX45yAT1nyngnINhvWtzN+Nb9D8RAQ==",
      "license": "MIT",
      "engines": {
        "node": ">=6.9.0"
      }
    },
    "node_modules/i18next": {
      "version": "25.6.3",
      "resolved": "https://registry.npmjs.org/i18next/-/i18next-25.6.3.tgz",
      "integrity": "sha512-AEQvoPDljhp67a1+NsnG/Wb1Nh6YoSvtrmeEd24sfGn3uujCtXCF3cXpr7ulhMywKNFF7p3TX1u2j7y+caLOJg==",
      "funding": [
        {
          "type": "individual",
          "url": "https://locize.com"
        },
        {
          "type": "individual",
          "url": "https://locize.com/i18next.html"
        },
        {
          "type": "individual",
          "url": "https://www.i18next.com/how-to/faq#i18next-is-awesome.-how-can-i-support-the-project"
        }
      ],
      "license": "MIT",
      "dependencies": {
        "@babel/runtime": "^7.28.4"
      },
      "peerDependencies": {
        "typescript": "^5"
      },
      "peerDependenciesMeta": {
        "typescript": {
          "optional": true
        }
      }
    },
    "node_modules/i18next-fs-backend": {
      "version": "2.6.1",
      "resolved": "https://registry.npmjs.org/i18next-fs-backend/-/i18next-fs-backend-2.6.1.tgz",
      "integrity": "sha512-eYWTX7QT7kJ0sZyCPK6x1q+R63zvNKv2D6UdbMf15A8vNb2ZLyw4NNNZxPFwXlIv/U+oUtg8SakW6ZgJZcoqHQ==",
      "license": "MIT"
    },
    "node_modules/i18next-http-middleware": {
      "version": "3.8.2",
      "resolved": "https://registry.npmjs.org/i18next-http-middleware/-/i18next-http-middleware-3.8.2.tgz",
      "integrity": "sha512-Z0i85W9dlX4dbceQD3EX2vj/PChebMjDCSLxE7ZJZ5Fgm8LPQmBmB9iJeE7oX3LH7Zzdu/a/28LCHOVHqaeW0Q==",
      "license": "MIT"
    }
  }
}
